
Microsoft Visual Studio Solution File, Format Version 12.00
# Visual Studio Version 17
VisualStudioVersion = 17.0.32014.148
MinimumVisualStudioVersion = 10.0.40219.1
Project("{FAE04EC0-301F-11D3-BF4B-00C04F79EFBC}") = "TurnTable_WinApp", "TurnTable_WinApp\TurnTable_WinApp.csproj", "{E3F9FD66-627F-4405-872A-DB833F85BD8D}"
EndProject
Global
	GlobalSection(SolutionConfigurationPlatforms) = preSolution
		Debug|Any CPU = Debug|Any CPU
		Release|Any CPU = Release|Any CPU
	EndGlobalSection
	GlobalSection(ProjectConfigurationPlatforms) = postSolution
		{E3F9FD66-627F-4405-872A-DB833F85BD8D}.Debug|Any CPU.ActiveCfg = Debug|Any CPU
		{E3F9FD66-627F-4405-872A-DB833F85BD8D}.Debug|Any CPU.Build.0 = Debug|Any CPU
		{E3F9FD66-627F-4405-872A-DB833F85BD8D}.Release|Any CPU.ActiveCfg = Release|Any CPU
		{E3F9FD66-627F-4405-872A-DB833F85BD8D}.Release|Any CPU.Build.0 = Release|Any CPU
	EndGlobalSection
	GlobalSection(SolutionProperties) = preSolution
		HideSolutionNode = FALSE
	EndGlobalSection
	GlobalSection(ExtensibilityGlobals) = postSolution
		SolutionGuid = {FFF7A9CD-0541-4201-9429-57051C0D4E29}
	EndGlobalSection
EndGlobal
